// !$*UTF8*$!
{
	archiveVersion = 1;
	classes = {
	};
	objectVersion = 55;
	objects = {

/* Begin PBXBuildFile section */
		5DBB188A98EBF350BBF3D818 /* Pods_news.framework in Frameworks */ = {isa = PBXBuildFile; fileRef = C2EAADC39FB32711F7A57F7D /* Pods_news.framework */; };
		6220C30D279BBD1200DCF721 /* NewsListViewModel.swift in Sources */ = {isa = PBXBuildFile; fileRef = 6220C30C279BBD1200DCF721 /* NewsListViewModel.swift */; };
		6220C30F279BBD5100DCF721 /* inject.swift in Sources */ = {isa = PBXBuildFile; fileRef = 6220C30E279BBD5100DCF721 /* inject.swift */; };
		6220C311279BBD7400DCF721 /* Resolver.swift in Sources */ = {isa = PBXBuildFile; fileRef = 6220C310279BBD7400DCF721 /* Resolver.swift */; };
		6220C313279BBD9900DCF721 /* NewsManager.swift in Sources */ = {isa = PBXBuildFile; fileRef = 6220C312279BBD9900DCF721 /* NewsManager.swift */; };
		6220C315279BBDB200DCF721 /* DBManger.swift in Sources */ = {isa = PBXBuildFile; fileRef = 6220C314279BBDB200DCF721 /* DBManger.swift */; };
		6220C317279BBE5500DCF721 /* MoyaProvider.swift in Sources */ = {isa = PBXBuildFile; fileRef = 6220C316279BBE5500DCF721 /* MoyaProvider.swift */; };
		6220C319279BBF1400DCF721 /* APIs.swift in Sources */ = {isa = PBXBuildFile; fileRef = 6220C318279BBF1400DCF721 /* APIs.swift */; };
		6220C31B279BC26500DCF721 /* NewListResponse.swift in Sources */ = {isa = PBXBuildFile; fileRef = 6220C31A279BC26500DCF721 /* NewListResponse.swift */; };
		625B6963279BB9D000FCEB34 /* NewsListTableViewCell.swift in Sources */ = {isa = PBXBuildFile; fileRef = 625B6962279BB9D000FCEB34 /* NewsListTableViewCell.swift */; };
		62E36AE9279BB6A1001F3C44 /* AppDelegate.swift in Sources */ = {isa = PBXBuildFile; fileRef = 62E36AE8279BB6A1001F3C44 /* AppDelegate.swift */; };
		62E36AEB279BB6A1001F3C44 /* SceneDelegate.swift in Sources */ = {isa = PBXBuildFile; fileRef = 62E36AEA279BB6A1001F3C44 /* SceneDelegate.swift */; };
		62E36AED279BB6A1001F3C44 /* NewsListViewController.swift in Sources */ = {isa = PBXBuildFile; fileRef = 62E36AEC279BB6A1001F3C44 /* NewsListViewController.swift */; };
		62E36AF0279BB6A1001F3C44 /* Main.storyboard in Resources */ = {isa = PBXBuildFile; fileRef = 62E36AEE279BB6A1001F3C44 /* Main.storyboard */; };
		62E36AF2279BB6A3001F3C44 /* Assets.xcassets in Resources */ = {isa = PBXBuildFile; fileRef = 62E36AF1279BB6A3001F3C44 /* Assets.xcassets */; };
		62E36AF5279BB6A3001F3C44 /* LaunchScreen.storyboard in Resources */ = {isa = PBXBuildFile; fileRef = 62E36AF3279BB6A3001F3C44 /* LaunchScreen.storyboard */; };
		62EDFE57279DB7F300082369 /* Article.swift in Sources */ = {isa = PBXBuildFile; fileRef = 62EDFE56279DB7F300082369 /* Article.swift */; };
		62EDFE5B279DBB3200082369 /* ImageView.swift in Sources */ = {isa = PBXBuildFile; fileRef = 62EDFE5A279DBB3200082369 /* ImageView.swift */; };
/* End PBXBuildFile section */

/* Begin PBXFileReference section */
		6220C30C279BBD1200DCF721 /* NewsListViewModel.swift */ = {isa = PBXFileReference; lastKnownFileType = sourcecode.swift; path = NewsListViewModel.swift; sourceTree = "<group>"; };
		6220C30E279BBD5100DCF721 /* inject.swift */ = {isa = PBXFileReference; lastKnownFileType = sourcecode.swift; path = inject.swift; sourceTree = "<group>"; };
		6220C310279BBD7400DCF721 /* Resolver.swift */ = {isa = PBXFileReference; lastKnownFileType = sourcecode.swift; path = Resolver.swift; sourceTree = "<group>"; };
		6220C312279BBD9900DCF721 /* NewsManager.swift */ = {isa = PBXFileReference; lastKnownFileType = sourcecode.swift; path = NewsManager.swift; sourceTree = "<group>"; };
		6220C314279BBDB200DCF721 /* DBManger.swift */ = {isa = PBXFileReference; lastKnownFileType = sourcecode.swift; path = DBManger.swift; sourceTree = "<group>"; };
		6220C316279BBE5500DCF721 /* MoyaProvider.swift */ = {isa = PBXFileReference; lastKnownFileType = sourcecode.swift; path = MoyaProvider.swift; sourceTree = "<group>"; };
		6220C318279BBF1400DCF721 /* APIs.swift */ = {isa = PBXFileReference; lastKnownFileType = sourcecode.swift; path = APIs.swift; sourceTree = "<group>"; };
		6220C31A279BC26500DCF721 /* NewListResponse.swift */ = {isa = PBXFileReference; lastKnownFileType = sourcecode.swift; path = NewListResponse.swift; sourceTree = "<group>"; };
		625B6962279BB9D000FCEB34 /* NewsListTableViewCell.swift */ = {isa = PBXFileReference; lastKnownFileType = sourcecode.swift; path = NewsListTableViewCell.swift; sourceTree = "<group>"; };
		62E36AE5279BB6A1001F3C44 /* news.app */ = {isa = PBXFileReference; explicitFileType = wrapper.application; includeInIndex = 0; path = news.app; sourceTree = BUILT_PRODUCTS_DIR; };
		62E36AE8279BB6A1001F3C44 /* AppDelegate.swift */ = {isa = PBXFileReference; lastKnownFileType = sourcecode.swift; path = AppDelegate.swift; sourceTree = "<group>"; };
		62E36AEA279BB6A1001F3C44 /* SceneDelegate.swift */ = {isa = PBXFileReference; lastKnownFileType = sourcecode.swift; path = SceneDelegate.swift; sourceTree = "<group>"; };
		62E36AEC279BB6A1001F3C44 /* NewsListViewController.swift */ = {isa = PBXFileReference; lastKnownFileType = sourcecode.swift; path = NewsListViewController.swift; sourceTree = "<group>"; };
		62E36AEF279BB6A1001F3C44 /* Base */ = {isa = PBXFileReference; lastKnownFileType = file.storyboard; name = Base; path = Base.lproj/Main.storyboard; sourceTree = "<group>"; };
		62E36AF1279BB6A3001F3C44 /* Assets.xcassets */ = {isa = PBXFileReference; lastKnownFileType = folder.assetcatalog; path = Assets.xcassets; sourceTree = "<group>"; };
		62E36AF4279BB6A3001F3C44 /* Base */ = {isa = PBXFileReference; lastKnownFileType = file.storyboard; name = Base; path = Base.lproj/LaunchScreen.storyboard; sourceTree = "<group>"; };
		62E36AF6279BB6A3001F3C44 /* Info.plist */ = {isa = PBXFileReference; lastKnownFileType = text.plist.xml; path = Info.plist; sourceTree = "<group>"; };
		62EDFE56279DB7F300082369 /* Article.swift */ = {isa = PBXFileReference; lastKnownFileType = sourcecode.swift; path = Article.swift; sourceTree = "<group>"; };
		62EDFE5A279DBB3200082369 /* ImageView.swift */ = {isa = PBXFileReference; lastKnownFileType = sourcecode.swift; path = ImageView.swift; sourceTree = "<group>"; };
		8E649C5A2C5CCB2141D5FBCB /* Pods-news.debug.xcconfig */ = {isa = PBXFileReference; includeInIndex = 1; lastKnownFileType = text.xcconfig; name = "Pods-news.debug.xcconfig"; path = "Target Support Files/Pods-news/Pods-news.debug.xcconfig"; sourceTree = "<group>"; };
		91E285AA78248C8DDF472485 /* Pods-news.release.xcconfig */ = {isa = PBXFileReference; includeInIndex = 1; lastKnownFileType = text.xcconfig; name = "Pods-news.release.xcconfig"; path = "Target Support Files/Pods-news/Pods-news.release.xcconfig"; sourceTree = "<group>"; };
		C2EAADC39FB32711F7A57F7D /* Pods_news.framework */ = {isa = PBXFileReference; explicitFileType = wrapper.framework; includeInIndex = 0; path = Pods_news.framework; sourceTree = BUILT_PRODUCTS_DIR; };
/* End PBXFileReference section */

/* Begin PBXFrameworksBuildPhase section */
		62E36AE2279BB6A1001F3C44 /* Frameworks */ = {
			isa = PBXFrameworksBuildPhase;
			buildActionMask = 2147483647;
			files = (
				5DBB188A98EBF350BBF3D818 /* Pods_news.framework in Frameworks */,
			);
			runOnlyForDeploymentPostprocessing = 0;
		};
/* End PBXFrameworksBuildPhase section */

/* Begin PBXGroup section */
		27A076C825B162F1CCD052F2 /* Frameworks */ = {
			isa = PBXGroup;
			children = (
				C2EAADC39FB32711F7A57F7D /* Pods_news.framework */,
			);
			name = Frameworks;
			sourceTree = "<group>";
		};
		2D8C79F283ECF2E56BCD15BA /* Pods */ = {
			isa = PBXGroup;
			children = (
				8E649C5A2C5CCB2141D5FBCB /* Pods-news.debug.xcconfig */,
				91E285AA78248C8DDF472485 /* Pods-news.release.xcconfig */,
			);
			path = Pods;
			sourceTree = "<group>";
		};
		62E36ADC279BB6A1001F3C44 = {
			isa = PBXGroup;
			children = (
				62E36AE7279BB6A1001F3C44 /* news */,
				62E36AE6279BB6A1001F3C44 /* Products */,
				2D8C79F283ECF2E56BCD15BA /* Pods */,
				27A076C825B162F1CCD052F2 /* Frameworks */,
			);
			sourceTree = "<group>";
		};
		62E36AE6279BB6A1001F3C44 /* Products */ = {
			isa = PBXGroup;
			children = (
				62E36AE5279BB6A1001F3C44 /* news.app */,
			);
			name = Products;
			sourceTree = "<group>";
		};
		62E36AE7279BB6A1001F3C44 /* news */ = {
			isa = PBXGroup;
			children = (
				62E36AE8279BB6A1001F3C44 /* AppDelegate.swift */,
				62E36AEA279BB6A1001F3C44 /* SceneDelegate.swift */,
				62EDFE53279DB79300082369 /* NewsListPage */,
				62EDFE54279DB7C900082369 /* Inject */,
				62EDFE50279DB72200082369 /* Manger */,
				62EDFE52279DB74E00082369 /* extension */,
				62EDFE55279DB7D800082369 /* Models */,
				62E36AEE279BB6A1001F3C44 /* Main.storyboard */,
				62E36AF1279BB6A3001F3C44 /* Assets.xcassets */,
				62E36AF3279BB6A3001F3C44 /* LaunchScreen.storyboard */,
				62E36AF6279BB6A3001F3C44 /* Info.plist */,
			);
			path = news;
			sourceTree = "<group>";
		};
		62EDFE50279DB72200082369 /* Manger */ = {
			isa = PBXGroup;
			children = (
				6220C318279BBF1400DCF721 /* APIs.swift */,
				6220C314279BBDB200DCF721 /* DBManger.swift */,
				6220C312279BBD9900DCF721 /* NewsManager.swift */,
			);
			path = Manger;
			sourceTree = "<group>";
		};
		62EDFE52279DB74E00082369 /* extension */ = {
			isa = PBXGroup;
			children = (
				6220C316279BBE5500DCF721 /* MoyaProvider.swift */,
				62EDFE5A279DBB3200082369 /* ImageView.swift */,
			);
			path = extension;
			sourceTree = "<group>";
		};
		62EDFE53279DB79300082369 /* NewsListPage */ = {
			isa = PBXGroup;
			children = (
				62E36AEC279BB6A1001F3C44 /* NewsListViewController.swift */,
				625B6962279BB9D000FCEB34 /* NewsListTableViewCell.swift */,
				6220C30C279BBD1200DCF721 /* NewsListViewModel.swift */,
			);
			path = NewsListPage;
			sourceTree = "<group>";
		};
		62EDFE54279DB7C900082369 /* Inject */ = {
			isa = PBXGroup;
			children = (
				6220C310279BBD7400DCF721 /* Resolver.swift */,
				6220C30E279BBD5100DCF721 /* inject.swift */,
			);
			path = Inject;
			sourceTree = "<group>";
		};
		62EDFE55279DB7D800082369 /* Models */ = {
			isa = PBXGroup;
			children = (
				62EDFE59279DB81300082369 /* Response */,
				62EDFE58279DB7FE00082369 /* Database */,
			);
			path = Models;
			sourceTree = "<group>";
		};
		62EDFE58279DB7FE00082369 /* Database */ = {
			isa = PBXGroup;
			children = (
				62EDFE56279DB7F300082369 /* Article.swift */,
			);
			path = Database;
			sourceTree = "<group>";
		};
		62EDFE59279DB81300082369 /* Response */ = {
			isa = PBXGroup;
			children = (
				6220C31A279BC26500DCF721 /* NewListResponse.swift */,
			);
			path = Response;
			sourceTree = "<group>";
		};
/* End PBXGroup section */

/* Begin PBXNativeTarget section */
		62E36AE4279BB6A1001F3C44 /* news */ = {
			isa = PBXNativeTarget;
			buildConfigurationList = 62E36AF9279BB6A3001F3C44 /* Build configuration list for PBXNativeTarget "news" */;
			buildPhases = (
				8918C5C0FBD1D5DA824149DA /* [CP] Check Pods Manifest.lock */,
				62E36AE1279BB6A1001F3C44 /* Sources */,
				62E36AE2279BB6A1001F3C44 /* Frameworks */,
				62E36AE3279BB6A1001F3C44 /* Resources */,
				6D3F5BCFD6B1B920203C75EE /* [CP] Embed Pods Frameworks */,
			);
			buildRules = (
			);
			dependencies = (
			);
			name = news;
			productName = news;
			productReference = 62E36AE5279BB6A1001F3C44 /* news.app */;
			productType = "com.apple.product-type.application";
		};
/* End PBXNativeTarget section */

/* Begin PBXProject section */
		62E36ADD279BB6A1001F3C44 /* Project object */ = {
			isa = PBXProject;
			attributes = {
				BuildIndependentTargetsInParallel = 1;
				LastSwiftUpdateCheck = 1300;
				LastUpgradeCheck = 1300;
				TargetAttributes = {
					62E36AE4279BB6A1001F3C44 = {
						CreatedOnToolsVersion = 13.0;
					};
				};
			};
			buildConfigurationList = 62E36AE0279BB6A1001F3C44 /* Build configuration list for PBXProject "news" */;
			compatibilityVersion = "Xcode 13.0";
			developmentRegion = en;
			hasScannedForEncodings = 0;
			knownRegions = (
				en,
				Base,
			);
			mainGroup = 62E36ADC279BB6A1001F3C44;
			productRefGroup = 62E36AE6279BB6A1001F3C44 /* Products */;
			projectDirPath = "";
			projectRoot = "";
			targets = (
				62E36AE4279BB6A1001F3C44 /* news */,
			);
		};
/* End PBXProject section */

/* Begin PBXResourcesBuildPhase section */
		62E36AE3279BB6A1001F3C44 /* Resources */ = {
			isa = PBXResourcesBuildPhase;
			buildActionMask = 2147483647;
			files = (
				62E36AF5279BB6A3001F3C44 /* LaunchScreen.storyboard in Resources */,
				62E36AF2279BB6A3001F3C44 /* Assets.xcassets in Resources */,
				62E36AF0279BB6A1001F3C44 /* Main.storyboard in Resources */,
			);
			runOnlyForDeploymentPostprocessing = 0;
		};
/* End PBXResourcesBuildPhase section */

/* Begin PBXShellScriptBuildPhase section */
		6D3F5BCFD6B1B920203C75EE /* [CP] Embed Pods Frameworks */ = {
			isa = PBXShellScriptBuildPhase;
			buildActionMask = 2147483647;
			files = (
			);
			inputFileListPaths = (
				"${PODS_ROOT}/Target Support Files/Pods-news/Pods-news-frameworks-${CONFIGURATION}-input-files.xcfilelist",
			);
			name = "[CP] Embed Pods Frameworks";
			outputFileListPaths = (
				"${PODS_ROOT}/Target Support Files/Pods-news/Pods-news-frameworks-${CONFIGURATION}-output-files.xcfilelist",
			);
			runOnlyForDeploymentPostprocessing = 0;
			shellPath = /bin/sh;
			shellScript = "\"${PODS_ROOT}/Target Support Files/Pods-news/Pods-news-frameworks.sh\"\n";
			showEnvVarsInLog = 0;
		};
		8918C5C0FBD1D5DA824149DA /* [CP] Check Pods Manifest.lock */ = {
			isa = PBXShellScriptBuildPhase;
			buildActionMask = 2147483647;
			files = (
			);
			inputFileListPaths = (
			);
			inputPaths = (
				"${PODS_PODFILE_DIR_PATH}/Podfile.lock",
				"${PODS_ROOT}/Manifest.lock",
			);
			name = "[CP] Check Pods Manifest.lock";
			outputFileListPaths = (
			);
			outputPaths = (
				"$(DERIVED_FILE_DIR)/Pods-news-checkManifestLockResult.txt",
			);
			runOnlyForDeploymentPostprocessing = 0;
			shellPath = /bin/sh;
			shellScript = "diff \"${PODS_PODFILE_DIR_PATH}/Podfile.lock\" \"${PODS_ROOT}/Manifest.lock\" > /dev/null\nif [ $? != 0 ] ; then\n    # print error to STDERR\n    echo \"error: The sandbox is not in sync with the Podfile.lock. Run 'pod install' or update your CocoaPods installation.\" >&2\n    exit 1\nfi\n# This output is used by Xcode 'outputs' to avoid re-running this script phase.\necho \"SUCCESS\" > \"${SCRIPT_OUTPUT_FILE_0}\"\n";
			showEnvVarsInLog = 0;
		};
/* End PBXShellScriptBuildPhase section */

/* Begin PBXSourcesBuildPhase section */
		62E36AE1279BB6A1001F3C44 /* Sources */ = {
			isa = PBXSourcesBuildPhase;
			buildActionMask = 2147483647;
			files = (
				62EDFE57279DB7F300082369 /* Article.swift in Sources */,
				6220C317279BBE5500DCF721 /* MoyaProvider.swift in Sources */,
				6220C30F279BBD5100DCF721 /* inject.swift in Sources */,
				62E36AED279BB6A1001F3C44 /* NewsListViewController.swift in Sources */,
				6220C31B279BC26500DCF721 /* NewListResponse.swift in Sources */,
				62E36AE9279BB6A1001F3C44 /* AppDelegate.swift in Sources */,
				625B6963279BB9D000FCEB34 /* NewsListTableViewCell.swift in Sources */,
				6220C319279BBF1400DCF721 /* APIs.swift in Sources */,
				62EDFE5B279DBB3200082369 /* ImageView.swift in Sources */,
				6220C30D279BBD1200DCF721 /* NewsListViewModel.swift in Sources */,
				6220C315279BBDB200DCF721 /* DBManger.swift in Sources */,
				6220C311279BBD7400DCF721 /* Resolver.swift in Sources */,
				6220C313279BBD9900DCF721 /* NewsManager.swift in Sources */,
				62E36AEB279BB6A1001F3C44 /* SceneDelegate.swift in Sources */,
			);
			runOnlyForDeploymentPostprocessing = 0;
		};
/* End PBXSourcesBuildPhase section */

/* Begin PBXVariantGroup section */
		62E36AEE279BB6A1001F3C44 /* Main.storyboard */ = {
			isa = PBXVariantGroup;
			children = (
				62E36AEF279BB6A1001F3C44 /* Base */,
			);
			name = Main.storyboard;
			sourceTree = "<group>";
		};
		62E36AF3279BB6A3001F3C44 /* LaunchScreen.storyboard */ = {
			isa = PBXVariantGroup;
			children = (
				62E36AF4279BB6A3001F3C44 /* Base */,
			);
			name = LaunchScreen.storyboard;
			sourceTree = "<group>";
		};
/* End PBXVariantGroup section */

/* Begin XCBuildConfiguration section */
		62E36AF7279BB6A3001F3C44 /* Debug */ = {
			isa = XCBuildConfiguration;
			buildSettings = {
				ALWAYS_SEARCH_USER_PATHS = NO;
				CLANG_ANALYZER_NONNULL = YES;
				CLANG_ANALYZER_NUMBER_OBJECT_CONVERSION = YES_AGGRESSIVE;
				CLANG_CXX_LANGUAGE_STANDARD = "gnu++17";
				CLANG_CXX_LIBRARY = "libc++";
				CLANG_ENABLE_MODULES = YES;
				CLANG_ENABLE_OBJC_ARC = YES;
				CLANG_ENABLE_OBJC_WEAK = YES;
				CLANG_WARN_BLOCK_CAPTURE_AUTORELEASING = YES;
				CLANG_WARN_BOOL_CONVERSION = YES;
				CLANG_WARN_COMMA = YES;
				CLANG_WARN_CONSTANT_CONVERSION = YES;
				CLANG_WARN_DEPRECATED_OBJC_IMPLEMENTATIONS = YES;
				CLANG_WARN_DIRECT_OBJC_ISA_USAGE = YES_ERROR;
				CLANG_WARN_DOCUMENTATION_COMMENTS = YES;
				CLANG_WARN_EMPTY_BODY = YES;
				CLANG_WARN_ENUM_CONVERSION = YES;
				CLANG_WARN_INFINITE_RECURSION = YES;
				CLANG_WARN_INT_CONVERSION = YES;
				CLANG_WARN_NON_LITERAL_NULL_CONVERSION = YES;
				CLANG_WARN_OBJC_IMPLICIT_RETAIN_SELF = YES;
				CLANG_WARN_OBJC_LITERAL_CONVERSION = YES;
				CLANG_WARN_OBJC_ROOT_CLASS = YES_ERROR;
				CLANG_WARN_QUOTED_INCLUDE_IN_FRAMEWORK_HEADER = YES;
				CLANG_WARN_RANGE_LOOP_ANALYSIS = YES;
				CLANG_WARN_STRICT_PROTOTYPES = YES;
				CLANG_WARN_SUSPICIOUS_MOVE = YES;
				CLANG_WARN_UNGUARDED_AVAILABILITY = YES_AGGRESSIVE;
				CLANG_WARN_UNREACHABLE_CODE = YES;
				CLANG_WARN__DUPLICATE_METHOD_MATCH = YES;
				COPY_PHASE_STRIP = NO;
				DEBUG_INFORMATION_FORMAT = dwarf;
				ENABLE_STRICT_OBJC_MSGSEND = YES;
				ENABLE_TESTABILITY = YES;
				GCC_C_LANGUAGE_STANDARD = gnu11;
				GCC_DYNAMIC_NO_PIC = NO;
				GCC_NO_COMMON_BLOCKS = YES;
				GCC_OPTIMIZATION_LEVEL = 0;
				GCC_PREPROCESSOR_DEFINITIONS = (
					"DEBUG=1",
					"$(inherited)",
				);
				GCC_WARN_64_TO_32_BIT_CONVERSION = YES;
				GCC_WARN_ABOUT_RETURN_TYPE = YES_ERROR;
				GCC_WARN_UNDECLARED_SELECTOR = YES;
				GCC_WARN_UNINITIALIZED_AUTOS = YES_AGGRESSIVE;
				GCC_WARN_UNUSED_FUNCTION = YES;
				GCC_WARN_UNUSED_VARIABLE = YES;
				IPHONEOS_DEPLOYMENT_TARGET = 15.0;
				MTL_ENABLE_DEBUG_INFO = INCLUDE_SOURCE;
				MTL_FAST_MATH = YES;
				ONLY_ACTIVE_ARCH = YES;
				SDKROOT = iphoneos;
				SWIFT_ACTIVE_COMPILATION_CONDITIONS = DEBUG;
				SWIFT_OPTIMIZATION_LEVEL = "-Onone";
			};
			name = Debug;
		};
		62E36AF8279BB6A3001F3C44 /* Release */ = {
			isa = XCBuildConfiguration;
			buildSettings = {
				ALWAYS_SEARCH_USER_PATHS = NO;
				CLANG_ANALYZER_NONNULL = YES;
				CLANG_ANALYZER_NUMBER_OBJECT_CONVERSION = YES_AGGRESSIVE;
				CLANG_CXX_LANGUAGE_STANDARD = "gnu++17";
				CLANG_CXX_LIBRARY = "libc++";
				CLANG_ENABLE_MODULES = YES;
				CLANG_ENABLE_OBJC_ARC = YES;
				CLANG_ENABLE_OBJC_WEAK = YES;
				CLANG_WARN_BLOCK_CAPTURE_AUTORELEASING = YES;
				CLANG_WARN_BOOL_CONVERSION = YES;
				CLANG_WARN_COMMA = YES;
				CLANG_WARN_CONSTANT_CONVERSION = YES;
				CLANG_WARN_DEPRECATED_OBJC_IMPLEMENTATIONS = YES;
				CLANG_WARN_DIRECT_OBJC_ISA_USAGE = YES_ERROR;
				CLANG_WARN_DOCUMENTATION_COMMENTS = YES;
				CLANG_WARN_EMPTY_BODY = YES;
				CLANG_WARN_ENUM_CONVERSION = YES;
				CLANG_WARN_INFINITE_RECURSION = YES;
				CLANG_WARN_INT_CONVERSION = YES;
				CLANG_WARN_NON_LITERAL_NULL_CONVERSION = YES;
				CLANG_WARN_OBJC_IMPLICIT_RETAIN_SELF = YES;
				CLANG_WARN_OBJC_LITERAL_CONVERSION = YES;
				CLANG_WARN_OBJC_ROOT_CLASS = YES_ERROR;
				CLANG_WARN_QUOTED_INCLUDE_IN_FRAMEWORK_HEADER = YES;
				CLANG_WARN_RANGE_LOOP_ANALYSIS = YES;
				CLANG_WARN_STRICT_PROTOTYPES = YES;
				CLANG_WARN_SUSPICIOUS_MOVE = YES;
				CLANG_WARN_UNGUARDED_AVAILABILITY = YES_AGGRESSIVE;
				CLANG_WARN_UNREACHABLE_CODE = YES;
				CLANG_WARN__DUPLICATE_METHOD_MATCH = YES;
				COPY_PHASE_STRIP = NO;
				DEBUG_INFORMATION_FORMAT = "dwarf-with-dsym";
				ENABLE_NS_ASSERTIONS = NO;
				ENABLE_STRICT_OBJC_MSGSEND = YES;
				GCC_C_LANGUAGE_STANDARD = gnu11;
				GCC_NO_COMMON_BLOCKS = YES;
				GCC_WARN_64_TO_32_BIT_CONVERSION = YES;
				GCC_WARN_ABOUT_RETURN_TYPE = YES_ERROR;
				GCC_WARN_UNDECLARED_SELECTOR = YES;
				GCC_WARN_UNINITIALIZED_AUTOS = YES_AGGRESSIVE;
				GCC_WARN_UNUSED_FUNCTION = YES;
				GCC_WARN_UNUSED_VARIABLE = YES;
				IPHONEOS_DEPLOYMENT_TARGET = 15.0;
				MTL_ENABLE_DEBUG_INFO = NO;
				MTL_FAST_MATH = YES;
				SDKROOT = iphoneos;
				SWIFT_COMPILATION_MODE = wholemodule;
				SWIFT_OPTIMIZATION_LEVEL = "-O";
				VALIDATE_PRODUCT = YES;
			};
			name = Release;
		};
		62E36AFA279BB6A3001F3C44 /* Debug */ = {
			isa = XCBuildConfiguration;
			baseConfigurationReference = 8E649C5A2C5CCB2141D5FBCB /* Pods-news.debug.xcconfig */;
			buildSettings = {
				ASSETCATALOG_COMPILER_APPICON_NAME = AppIcon;
				ASSETCATALOG_COMPILER_GLOBAL_ACCENT_COLOR_NAME = AccentColor;
				CODE_SIGN_STYLE = Automatic;
				CURRENT_PROJECT_VERSION = 1;
				DEVELOPMENT_TEAM = 94F23Z62YB;
				GENERATE_INFOPLIST_FILE = YES;
				INFOPLIST_FILE = news/Info.plist;
				INFOPLIST_KEY_UIApplicationSupportsIndirectInputEvents = YES;
				INFOPLIST_KEY_UILaunchStoryboardName = LaunchScreen;
				INFOPLIST_KEY_UIMainStoryboardFile = Main;
				INFOPLIST_KEY_UISupportedInterfaceOrientations_iPad = "UIInterfaceOrientationPortrait UIInterfaceOrientationPortraitUpsideDown UIInterfaceOrientationLandscapeLeft UIInterfaceOrientationLandscapeRight";
				INFOPLIST_KEY_UISupportedInterfaceOrientations_iPhone = "UIInterfaceOrientationPortrait UIInterfaceOrientationLandscapeLeft UIInterfaceOrientationLandscapeRight";
				LD_RUNPATH_SEARCH_PATHS = (
					"$(inherited)",
					"@executable_path/Frameworks",
				);
				MARKETING_VERSION = 1.0;
				PRODUCT_BUNDLE_IDENTIFIER = yulin.news;
				PRODUCT_NAME = "$(TARGET_NAME)";
				SWIFT_EMIT_LOC_STRINGS = YES;
				SWIFT_VERSION = 5.0;
				TARGETED_DEVICE_FAMILY = "1,2";
			};
			name = Debug;
		};
		62E36AFB279BB6A3001F3C44 /* Release */ = {
			isa = XCBuildConfiguration;
			baseConfigurationReference = 91E285AA78248C8DDF472485 /* Pods-news.release.xcconfig */;
			buildSettings = {
				ASSETCATALOG_COMPILER_APPICON_NAME = AppIcon;
				ASSETCATALOG_COMPILER_GLOBAL_ACCENT_COLOR_NAME = AccentColor;
				CODE_SIGN_STYLE = Automatic;
				CURRENT_PROJECT_VERSION = 1;
				DEVELOPMENT_TEAM = 94F23Z62YB;
				GENERATE_INFOPLIST_FILE = YES;
				INFOPLIST_FILE = news/Info.plist;
				INFOPLIST_KEY_UIApplicationSupportsIndirectInputEvents = YES;
				INFOPLIST_KEY_UILaunchStoryboardName = LaunchScreen;
				INFOPLIST_KEY_UIMainStoryboardFile = Main;
				INFOPLIST_KEY_UISupportedInterfaceOrientations_iPad = "UIInterfaceOrientationPortrait UIInterfaceOrientationPortraitUpsideDown UIInterfaceOrientationLandscapeLeft UIInterfaceOrientationLandscapeRight";
				INFOPLIST_KEY_UISupportedInterfaceOrientations_iPhone = "UIInterfaceOrientationPortrait UIInterfaceOrientationLandscapeLeft UIInterfaceOrientationLandscapeRight";
				LD_RUNPATH_SEARCH_PATHS = (
					"$(inherited)",
					"@executable_path/Frameworks",
				);
				MARKETING_VERSION = 1.0;
				PRODUCT_BUNDLE_IDENTIFIER = yulin.news;
				PRODUCT_NAME = "$(TARGET_NAME)";
				SWIFT_EMIT_LOC_STRINGS = YES;
				SWIFT_VERSION = 5.0;
				TARGETED_DEVICE_FAMILY = "1,2";
			};
			name = Release;
		};
/* End XCBuildConfiguration section */

/* Begin XCConfigurationList section */
		62E36AE0279BB6A1001F3C44 /* Build configuration list for PBXProject "news" */ = {
			isa = XCConfigurationList;
			buildConfigurations = (
				62E36AF7279BB6A3001F3C44 /* Debug */,
				62E36AF8279BB6A3001F3C44 /* Release */,
			);
			defaultConfigurationIsVisible = 0;
			defaultConfigurationName = Release;
		};
		62E36AF9279BB6A3001F3C44 /* Build configuration list for PBXNativeTarget "news" */ = {
			isa = XCConfigurationList;
			buildConfigurations = (
				62E36AFA279BB6A3001F3C44 /* Debug */,
				62E36AFB279BB6A3001F3C44 /* Release */,
			);
			defaultConfigurationIsVisible = 0;
			defaultConfigurationName = Release;
		};
/* End XCConfigurationList section */
	};
	rootObject = 62E36ADD279BB6A1001F3C44 /* Project object */;
}
